
Microsoft Visual Studio Solution File, Format Version 12.00
# Visual Studio Version 16
VisualStudioVersion = 16.0.31515.178
MinimumVisualStudioVersion = 10.0.40219.1
Project("{8BC9CEB8-8B4A-11D0-8D11-00A0C91BC942}") = "1.0_Basics", "1_Storing_Variables\1_Storing_Variables.vcxproj", "{5402BAE6-EE16-4300-950A-4754B532EFFC}"
EndProject
Project("{8BC9CEB8-8B4A-11D0-8D11-00A0C91BC942}") = "1.1_Basic_Boost_Algorithms", "1.1_Basic_Boost_Algorithms\1.1_Basic_Boost_Algorithms.vcxproj", "{F97C811B-0451-4278-A656-B6512442AD3D}"
EndProject
Project("{8BC9CEB8-8B4A-11D0-8D11-00A0C91BC942}") = "2.0_Managing_Resources", "2_Managing_Resources\2_Managing_Resources.vcxproj", "{2651A1B0-E89A-453E-8947-21674BAC0801}"
EndProject
Project("{8BC9CEB8-8B4A-11D0-8D11-00A0C91BC942}") = "2.1_Managing_Array_Pointer", "2.1_Managing_Array_Pointer\2.1_Managing_Array_Pointer.vcxproj", "{9374F1DF-34B9-4D1D-9DD3-2441097D3DCD}"
EndProject
Project("{8BC9CEB8-8B4A-11D0-8D11-00A0C91BC942}") = "3.0_String_To_Numbers", "3.0_String_To_Numbers\3.0_String_To_Numbers.vcxproj", "{677B6A5F-6797-4970-B772-04E9F3B11969}"
EndProject
Project("{8BC9CEB8-8B4A-11D0-8D11-00A0C91BC942}") = "3.1_Numbers_To_Strings", "3.1_Numbers_To_Strings\3.1_Numbers_To_Strings.vcxproj", "{D7C1111C-5234-4B04-9902-914403764A9D}"
EndProject
Project("{8BC9CEB8-8B4A-11D0-8D11-00A0C91BC942}") = "3.2_Numbers_To_Numbers", "3.2_Numbers_To_Numbers\3.2_Numbers_To_Numbers.vcxproj", "{5553E769-04BC-4A7B-BD6E-42E780A486D2}"
EndProject
Global
	GlobalSection(SolutionConfigurationPlatforms) = preSolution
		Debug|x64 = Debug|x64
		Debug|x86 = Debug|x86
		Release|x64 = Release|x64
		Release|x86 = Release|x86
	EndGlobalSection
	GlobalSection(ProjectConfigurationPlatforms) = postSolution
		{5402BAE6-EE16-4300-950A-4754B532EFFC}.Debug|x64.ActiveCfg = Debug|x64
		{5402BAE6-EE16-4300-950A-4754B532EFFC}.Debug|x64.Build.0 = Debug|x64
		{5402BAE6-EE16-4300-950A-4754B532EFFC}.Debug|x86.ActiveCfg = Debug|Win32
		{5402BAE6-EE16-4300-950A-4754B532EFFC}.Debug|x86.Build.0 = Debug|Win32
		{5402BAE6-EE16-4300-950A-4754B532EFFC}.Release|x64.ActiveCfg = Release|x64
		{5402BAE6-EE16-4300-950A-4754B532EFFC}.Release|x64.Build.0 = Release|x64
		{5402BAE6-EE16-4300-950A-4754B532EFFC}.Release|x86.ActiveCfg = Release|Win32
		{5402BAE6-EE16-4300-950A-4754B532EFFC}.Release|x86.Build.0 = Release|Win32
		{F97C811B-0451-4278-A656-B6512442AD3D}.Debug|x64.ActiveCfg = Debug|x64
		{F97C811B-0451-4278-A656-B6512442AD3D}.Debug|x64.Build.0 = Debug|x64
		{F97C811B-0451-4278-A656-B6512442AD3D}.Debug|x86.ActiveCfg = Debug|Win32
		{F97C811B-0451-4278-A656-B6512442AD3D}.Debug|x86.Build.0 = Debug|Win32
		{F97C811B-0451-4278-A656-B6512442AD3D}.Release|x64.ActiveCfg = Release|x64
		{F97C811B-0451-4278-A656-B6512442AD3D}.Release|x64.Build.0 = Release|x64
		{F97C811B-0451-4278-A656-B6512442AD3D}.Release|x86.ActiveCfg = Release|Win32
		{F97C811B-0451-4278-A656-B6512442AD3D}.Release|x86.Build.0 = Release|Win32
		{2651A1B0-E89A-453E-8947-21674BAC0801}.Debug|x64.ActiveCfg = Debug|x64
		{2651A1B0-E89A-453E-8947-21674BAC0801}.Debug|x64.Build.0 = Debug|x64
		{2651A1B0-E89A-453E-8947-21674BAC0801}.Debug|x86.ActiveCfg = Debug|Win32
		{2651A1B0-E89A-453E-8947-21674BAC0801}.Debug|x86.Build.0 = Debug|Win32
		{2651A1B0-E89A-453E-8947-21674BAC0801}.Release|x64.ActiveCfg = Release|x64
		{2651A1B0-E89A-453E-8947-21674BAC0801}.Release|x64.Build.0 = Release|x64
		{2651A1B0-E89A-453E-8947-21674BAC0801}.Release|x86.ActiveCfg = Release|Win32
		{2651A1B0-E89A-453E-8947-21674BAC0801}.Release|x86.Build.0 = Release|Win32
		{9374F1DF-34B9-4D1D-9DD3-2441097D3DCD}.Debug|x64.ActiveCfg = Debug|x64
		{9374F1DF-34B9-4D1D-9DD3-2441097D3DCD}.Debug|x64.Build.0 = Debug|x64
		{9374F1DF-34B9-4D1D-9DD3-2441097D3DCD}.Debug|x86.ActiveCfg = Debug|Win32
		{9374F1DF-34B9-4D1D-9DD3-2441097D3DCD}.Debug|x86.Build.0 = Debug|Win32
		{9374F1DF-34B9-4D1D-9DD3-2441097D3DCD}.Release|x64.ActiveCfg = Release|x64
		{9374F1DF-34B9-4D1D-9DD3-2441097D3DCD}.Release|x64.Build.0 = Release|x64
		{9374F1DF-34B9-4D1D-9DD3-2441097D3DCD}.Release|x86.ActiveCfg = Release|Win32
		{9374F1DF-34B9-4D1D-9DD3-2441097D3DCD}.Release|x86.Build.0 = Release|Win32
		{677B6A5F-6797-4970-B772-04E9F3B11969}.Debug|x64.ActiveCfg = Debug|x64
		{677B6A5F-6797-4970-B772-04E9F3B11969}.Debug|x64.Build.0 = Debug|x64
		{677B6A5F-6797-4970-B772-04E9F3B11969}.Debug|x86.ActiveCfg = Debug|Win32
		{677B6A5F-6797-4970-B772-04E9F3B11969}.Debug|x86.Build.0 = Debug|Win32
		{677B6A5F-6797-4970-B772-04E9F3B11969}.Release|x64.ActiveCfg = Release|x64
		{677B6A5F-6797-4970-B772-04E9F3B11969}.Release|x64.Build.0 = Release|x64
		{677B6A5F-6797-4970-B772-04E9F3B11969}.Release|x86.ActiveCfg = Release|Win32
		{677B6A5F-6797-4970-B772-04E9F3B11969}.Release|x86.Build.0 = Release|Win32
		{D7C1111C-5234-4B04-9902-914403764A9D}.Debug|x64.ActiveCfg = Debug|x64
		{D7C1111C-5234-4B04-9902-914403764A9D}.Debug|x64.Build.0 = Debug|x64
		{D7C1111C-5234-4B04-9902-914403764A9D}.Debug|x86.ActiveCfg = Debug|Win32
		{D7C1111C-5234-4B04-9902-914403764A9D}.Debug|x86.Build.0 = Debug|Win32
		{D7C1111C-5234-4B04-9902-914403764A9D}.Release|x64.ActiveCfg = Release|x64
		{D7C1111C-5234-4B04-9902-914403764A9D}.Release|x64.Build.0 = Release|x64
		{D7C1111C-5234-4B04-9902-914403764A9D}.Release|x86.ActiveCfg = Release|Win32
		{D7C1111C-5234-4B04-9902-914403764A9D}.Release|x86.Build.0 = Release|Win32
		{5553E769-04BC-4A7B-BD6E-42E780A486D2}.Debug|x64.ActiveCfg = Debug|x64
		{5553E769-04BC-4A7B-BD6E-42E780A486D2}.Debug|x64.Build.0 = Debug|x64
		{5553E769-04BC-4A7B-BD6E-42E780A486D2}.Debug|x86.ActiveCfg = Debug|Win32
		{5553E769-04BC-4A7B-BD6E-42E780A486D2}.Debug|x86.Build.0 = Debug|Win32
		{5553E769-04BC-4A7B-BD6E-42E780A486D2}.Release|x64.ActiveCfg = Release|x64
		{5553E769-04BC-4A7B-BD6E-42E780A486D2}.Release|x64.Build.0 = Release|x64
		{5553E769-04BC-4A7B-BD6E-42E780A486D2}.Release|x86.ActiveCfg = Release|Win32
		{5553E769-04BC-4A7B-BD6E-42E780A486D2}.Release|x86.Build.0 = Release|Win32
	EndGlobalSection
	GlobalSection(SolutionProperties) = preSolution
		HideSolutionNode = FALSE
	EndGlobalSection
	GlobalSection(ExtensibilityGlobals) = postSolution
		SolutionGuid = {E2B965FA-1B5E-4A95-B186-3D70B3B30B1B}
	EndGlobalSection
EndGlobal
