
Microsoft Visual Studio Solution File, Format Version 12.00
# Visual Studio Version 16
VisualStudioVersion = 16.0.31229.75
MinimumVisualStudioVersion = 10.0.40219.1
Project("{8BC9CEB8-8B4A-11D0-8D11-00A0C91BC942}") = "Problem_1", "Problem_1\Problem_1.vcxproj", "{E8B00861-1BD4-4A07-9502-FD101FD0289C}"
EndProject
Project("{8BC9CEB8-8B4A-11D0-8D11-00A0C91BC942}") = "Problem_2", "Problem_2\Problem_2.vcxproj", "{C8FE0A1F-2A68-45E8-A3DD-ECC6A9120183}"
EndProject
Project("{8BC9CEB8-8B4A-11D0-8D11-00A0C91BC942}") = "Project_3", "Project_3\Project_3.vcxproj", "{49742DE3-6D9C-4D0A-A36D-DDC2FCAF0204}"
EndProject
Global
	GlobalSection(SolutionConfigurationPlatforms) = preSolution
		Debug|x64 = Debug|x64
		Debug|x86 = Debug|x86
		Release|x64 = Release|x64
		Release|x86 = Release|x86
	EndGlobalSection
	GlobalSection(ProjectConfigurationPlatforms) = postSolution
		{E8B00861-1BD4-4A07-9502-FD101FD0289C}.Debug|x64.ActiveCfg = Debug|x64
		{E8B00861-1BD4-4A07-9502-FD101FD0289C}.Debug|x64.Build.0 = Debug|x64
		{E8B00861-1BD4-4A07-9502-FD101FD0289C}.Debug|x86.ActiveCfg = Debug|Win32
		{E8B00861-1BD4-4A07-9502-FD101FD0289C}.Debug|x86.Build.0 = Debug|Win32
		{E8B00861-1BD4-4A07-9502-FD101FD0289C}.Release|x64.ActiveCfg = Release|x64
		{E8B00861-1BD4-4A07-9502-FD101FD0289C}.Release|x64.Build.0 = Release|x64
		{E8B00861-1BD4-4A07-9502-FD101FD0289C}.Release|x86.ActiveCfg = Release|Win32
		{E8B00861-1BD4-4A07-9502-FD101FD0289C}.Release|x86.Build.0 = Release|Win32
		{C8FE0A1F-2A68-45E8-A3DD-ECC6A9120183}.Debug|x64.ActiveCfg = Debug|x64
		{C8FE0A1F-2A68-45E8-A3DD-ECC6A9120183}.Debug|x64.Build.0 = Debug|x64
		{C8FE0A1F-2A68-45E8-A3DD-ECC6A9120183}.Debug|x86.ActiveCfg = Debug|Win32
		{C8FE0A1F-2A68-45E8-A3DD-ECC6A9120183}.Debug|x86.Build.0 = Debug|Win32
		{C8FE0A1F-2A68-45E8-A3DD-ECC6A9120183}.Release|x64.ActiveCfg = Release|x64
		{C8FE0A1F-2A68-45E8-A3DD-ECC6A9120183}.Release|x64.Build.0 = Release|x64
		{C8FE0A1F-2A68-45E8-A3DD-ECC6A9120183}.Release|x86.ActiveCfg = Release|Win32
		{C8FE0A1F-2A68-45E8-A3DD-ECC6A9120183}.Release|x86.Build.0 = Release|Win32
		{49742DE3-6D9C-4D0A-A36D-DDC2FCAF0204}.Debug|x64.ActiveCfg = Debug|x64
		{49742DE3-6D9C-4D0A-A36D-DDC2FCAF0204}.Debug|x64.Build.0 = Debug|x64
		{49742DE3-6D9C-4D0A-A36D-DDC2FCAF0204}.Debug|x86.ActiveCfg = Debug|Win32
		{49742DE3-6D9C-4D0A-A36D-DDC2FCAF0204}.Debug|x86.Build.0 = Debug|Win32
		{49742DE3-6D9C-4D0A-A36D-DDC2FCAF0204}.Release|x64.ActiveCfg = Release|x64
		{49742DE3-6D9C-4D0A-A36D-DDC2FCAF0204}.Release|x64.Build.0 = Release|x64
		{49742DE3-6D9C-4D0A-A36D-DDC2FCAF0204}.Release|x86.ActiveCfg = Release|Win32
		{49742DE3-6D9C-4D0A-A36D-DDC2FCAF0204}.Release|x86.Build.0 = Release|Win32
	EndGlobalSection
	GlobalSection(SolutionProperties) = preSolution
		HideSolutionNode = FALSE
	EndGlobalSection
	GlobalSection(ExtensibilityGlobals) = postSolution
		SolutionGuid = {3FDE1191-3786-490B-AA4E-03AED6532E55}
	EndGlobalSection
EndGlobal
